
Microsoft Visual Studio Solution File, Format Version 12.00
# Visual Studio Version 17
VisualStudioVersion = 17.3.32929.385
MinimumVisualStudioVersion = 10.0.40219.1
Project("{2150E333-8FDC-42A3-9474-1A3956D46DE8}") = "Hosts", "Hosts", "{BBF91497-3F41-4363-AA61-B32908219BB1}"
EndProject
Project("{2150E333-8FDC-42A3-9474-1A3956D46DE8}") = "UI", "UI", "{0E66C778-F180-4B2A-AF19-0A5D08FA8205}"
EndProject
Project("{2150E333-8FDC-42A3-9474-1A3956D46DE8}") = "API", "API", "{B5DFD608-F664-4DF9-8950-5AEC66C5A182}"
EndProject
Project("{2150E333-8FDC-42A3-9474-1A3956D46DE8}") = "Core", "Core", "{D8CFCFCE-B887-4F1A-AA7D-C0FF7A01E6AA}"
EndProject
Project("{2150E333-8FDC-42A3-9474-1A3956D46DE8}") = "Tests", "Tests", "{F5CE5E42-715D-45C0-A283-D23E49FC2031}"
EndProject
Project("{2150E333-8FDC-42A3-9474-1A3956D46DE8}") = "Services", "Services", "{46A7B1EB-5310-4A99-A8F9-C571FD6538CD}"
EndProject
Project("{2150E333-8FDC-42A3-9474-1A3956D46DE8}") = "Tests", "Tests", "{0D403385-8C2C-4CB8-9895-A4F388B03538}"
EndProject
Project("{9A19103F-16F7-4668-BE54-9A1E7A4F7556}") = "Test.Api", "Hosts\API\Test.Api\Test.Api.csproj", "{9F4A2118-9396-4D18-8D68-21E93171E68D}"
EndProject
Project("{9A19103F-16F7-4668-BE54-9A1E7A4F7556}") = "Test.Core", "Core\Test.Core\Test.Core.csproj", "{7E26231F-9761-4361-95EA-50146D99EE48}"
EndProject
Project("{9A19103F-16F7-4668-BE54-9A1E7A4F7556}") = "Test.Unit.Tests", "Core\Tests\Test.Unit.Tests\Test.Unit.Tests.csproj", "{FC49D70C-E418-4379-BD97-CC597EC79214}"
EndProject
Project("{9A19103F-16F7-4668-BE54-9A1E7A4F7556}") = "Test.Intergrational.Tests", "Core\Tests\Test.Intergrational.Tests\Test.Intergrational.Tests.csproj", "{40C3B3E6-5666-4C47-8414-5FB9A047E10A}"
EndProject
Project("{9A19103F-16F7-4668-BE54-9A1E7A4F7556}") = "Test.Core.Models", "Core\Test.Core.Models\Test.Core.Models.csproj", "{CE1912CA-3B96-47D0-B47C-D5698FBBA6A3}"
EndProject
Project("{9A19103F-16F7-4668-BE54-9A1E7A4F7556}") = "Test.Core.Interfaces", "Core\Test.Core.Interfaces\Test.Core.Interfaces.csproj", "{9209CAA9-0214-48AE-811D-139D04E008FB}"
EndProject
Project("{2150E333-8FDC-42A3-9474-1A3956D46DE8}") = "Tests", "Tests", "{27F15CB3-DC91-4A58-A980-3636E099208E}"
EndProject
Project("{9A19103F-16F7-4668-BE54-9A1E7A4F7556}") = "Test.BusinessLogic", "Services\Test.BusinessLogic\Test.BusinessLogic.csproj", "{91AD30D6-00AD-4197-A79D-14696525B4EB}"
EndProject
Project("{9A19103F-16F7-4668-BE54-9A1E7A4F7556}") = "Test.BusinessLogic.Models", "Services\Test.BusinessLogic.Models\Test.BusinessLogic.Models.csproj", "{FE39BE0D-D177-4A59-8653-8B452448D77E}"
EndProject
Project("{9A19103F-16F7-4668-BE54-9A1E7A4F7556}") = "Test.BusinessLogic.Interfaces", "Services\Test.BusinessLogic.Interfaces\Test.BusinessLogic.Interfaces.csproj", "{16AD4769-2440-43DC-A94A-8D39308FA516}"
EndProject
Project("{9A19103F-16F7-4668-BE54-9A1E7A4F7556}") = "Test.BusinessLogic.Unit.Tests", "Services\Tests\Test.BusinessLogic.Unit.Tests\Test.BusinessLogic.Unit.Tests.csproj", "{CD796D87-2ABA-4E86-9AAA-D74A14A9A5A1}"
EndProject
Project("{9A19103F-16F7-4668-BE54-9A1E7A4F7556}") = "Test.BusinessLogic.Intergration.Tests", "Services\Tests\Test.BusinessLogic.Intergration.Tests\Test.BusinessLogic.Intergration.Tests.csproj", "{7F07E6D9-56D1-4696-A328-DA8FA15A9472}"
EndProject
Project("{9A19103F-16F7-4668-BE54-9A1E7A4F7556}") = "Test.Api.Models", "Hosts\API\Test.Api.Models\Test.Api.Models.csproj", "{A722A01A-84E7-4F6A-A0FF-8A82B79C2813}"
EndProject
Project("{2150E333-8FDC-42A3-9474-1A3956D46DE8}") = "Context", "Context", "{21F06023-F0D4-4A58-BA9D-591D19C2E815}"
EndProject
Project("{9A19103F-16F7-4668-BE54-9A1E7A4F7556}") = "Test.Context", "Context\Test.Context\Test.Context.csproj", "{4E56ED9C-9711-4237-8F99-225B0A3D279F}"
EndProject
Project("{2150E333-8FDC-42A3-9474-1A3956D46DE8}") = "DesktopApp", "DesktopApp", "{8779CB4E-815B-4063-BFF5-4B6AA98C1B0F}"
EndProject
Project("{2150E333-8FDC-42A3-9474-1A3956D46DE8}") = "WebApp", "WebApp", "{F2898793-FBA6-4E8F-AA00-1BAE26658476}"
EndProject
Project("{FAE04EC0-301F-11D3-BF4B-00C04F79EFBC}") = "Test.App", "Hosts\UI\Desktop\Test.App\Test.App.csproj", "{7280721E-4E5E-4E8E-8984-09CF0E2EFAD2}"
EndProject
Global
	GlobalSection(SolutionConfigurationPlatforms) = preSolution
		Debug|Any CPU = Debug|Any CPU
		Release|Any CPU = Release|Any CPU
	EndGlobalSection
	GlobalSection(ProjectConfigurationPlatforms) = postSolution
		{9F4A2118-9396-4D18-8D68-21E93171E68D}.Debug|Any CPU.ActiveCfg = Debug|Any CPU
		{9F4A2118-9396-4D18-8D68-21E93171E68D}.Debug|Any CPU.Build.0 = Debug|Any CPU
		{9F4A2118-9396-4D18-8D68-21E93171E68D}.Release|Any CPU.ActiveCfg = Release|Any CPU
		{9F4A2118-9396-4D18-8D68-21E93171E68D}.Release|Any CPU.Build.0 = Release|Any CPU
		{7E26231F-9761-4361-95EA-50146D99EE48}.Debug|Any CPU.ActiveCfg = Debug|Any CPU
		{7E26231F-9761-4361-95EA-50146D99EE48}.Debug|Any CPU.Build.0 = Debug|Any CPU
		{7E26231F-9761-4361-95EA-50146D99EE48}.Release|Any CPU.ActiveCfg = Release|Any CPU
		{7E26231F-9761-4361-95EA-50146D99EE48}.Release|Any CPU.Build.0 = Release|Any CPU
		{FC49D70C-E418-4379-BD97-CC597EC79214}.Debug|Any CPU.ActiveCfg = Debug|Any CPU
		{FC49D70C-E418-4379-BD97-CC597EC79214}.Debug|Any CPU.Build.0 = Debug|Any CPU
		{FC49D70C-E418-4379-BD97-CC597EC79214}.Release|Any CPU.ActiveCfg = Release|Any CPU
		{FC49D70C-E418-4379-BD97-CC597EC79214}.Release|Any CPU.Build.0 = Release|Any CPU
		{40C3B3E6-5666-4C47-8414-5FB9A047E10A}.Debug|Any CPU.ActiveCfg = Debug|Any CPU
		{40C3B3E6-5666-4C47-8414-5FB9A047E10A}.Debug|Any CPU.Build.0 = Debug|Any CPU
		{40C3B3E6-5666-4C47-8414-5FB9A047E10A}.Release|Any CPU.ActiveCfg = Release|Any CPU
		{40C3B3E6-5666-4C47-8414-5FB9A047E10A}.Release|Any CPU.Build.0 = Release|Any CPU
		{CE1912CA-3B96-47D0-B47C-D5698FBBA6A3}.Debug|Any CPU.ActiveCfg = Debug|Any CPU
		{CE1912CA-3B96-47D0-B47C-D5698FBBA6A3}.Debug|Any CPU.Build.0 = Debug|Any CPU
		{CE1912CA-3B96-47D0-B47C-D5698FBBA6A3}.Release|Any CPU.ActiveCfg = Release|Any CPU
		{CE1912CA-3B96-47D0-B47C-D5698FBBA6A3}.Release|Any CPU.Build.0 = Release|Any CPU
		{9209CAA9-0214-48AE-811D-139D04E008FB}.Debug|Any CPU.ActiveCfg = Debug|Any CPU
		{9209CAA9-0214-48AE-811D-139D04E008FB}.Debug|Any CPU.Build.0 = Debug|Any CPU
		{9209CAA9-0214-48AE-811D-139D04E008FB}.Release|Any CPU.ActiveCfg = Release|Any CPU
		{9209CAA9-0214-48AE-811D-139D04E008FB}.Release|Any CPU.Build.0 = Release|Any CPU
		{91AD30D6-00AD-4197-A79D-14696525B4EB}.Debug|Any CPU.ActiveCfg = Debug|Any CPU
		{91AD30D6-00AD-4197-A79D-14696525B4EB}.Debug|Any CPU.Build.0 = Debug|Any CPU
		{91AD30D6-00AD-4197-A79D-14696525B4EB}.Release|Any CPU.ActiveCfg = Release|Any CPU
		{91AD30D6-00AD-4197-A79D-14696525B4EB}.Release|Any CPU.Build.0 = Release|Any CPU
		{FE39BE0D-D177-4A59-8653-8B452448D77E}.Debug|Any CPU.ActiveCfg = Debug|Any CPU
		{FE39BE0D-D177-4A59-8653-8B452448D77E}.Debug|Any CPU.Build.0 = Debug|Any CPU
		{FE39BE0D-D177-4A59-8653-8B452448D77E}.Release|Any CPU.ActiveCfg = Release|Any CPU
		{FE39BE0D-D177-4A59-8653-8B452448D77E}.Release|Any CPU.Build.0 = Release|Any CPU
		{16AD4769-2440-43DC-A94A-8D39308FA516}.Debug|Any CPU.ActiveCfg = Debug|Any CPU
		{16AD4769-2440-43DC-A94A-8D39308FA516}.Debug|Any CPU.Build.0 = Debug|Any CPU
		{16AD4769-2440-43DC-A94A-8D39308FA516}.Release|Any CPU.ActiveCfg = Release|Any CPU
		{16AD4769-2440-43DC-A94A-8D39308FA516}.Release|Any CPU.Build.0 = Release|Any CPU
		{CD796D87-2ABA-4E86-9AAA-D74A14A9A5A1}.Debug|Any CPU.ActiveCfg = Debug|Any CPU
		{CD796D87-2ABA-4E86-9AAA-D74A14A9A5A1}.Debug|Any CPU.Build.0 = Debug|Any CPU
		{CD796D87-2ABA-4E86-9AAA-D74A14A9A5A1}.Release|Any CPU.ActiveCfg = Release|Any CPU
		{CD796D87-2ABA-4E86-9AAA-D74A14A9A5A1}.Release|Any CPU.Build.0 = Release|Any CPU
		{7F07E6D9-56D1-4696-A328-DA8FA15A9472}.Debug|Any CPU.ActiveCfg = Debug|Any CPU
		{7F07E6D9-56D1-4696-A328-DA8FA15A9472}.Debug|Any CPU.Build.0 = Debug|Any CPU
		{7F07E6D9-56D1-4696-A328-DA8FA15A9472}.Release|Any CPU.ActiveCfg = Release|Any CPU
		{7F07E6D9-56D1-4696-A328-DA8FA15A9472}.Release|Any CPU.Build.0 = Release|Any CPU
		{A722A01A-84E7-4F6A-A0FF-8A82B79C2813}.Debug|Any CPU.ActiveCfg = Debug|Any CPU
		{A722A01A-84E7-4F6A-A0FF-8A82B79C2813}.Debug|Any CPU.Build.0 = Debug|Any CPU
		{A722A01A-84E7-4F6A-A0FF-8A82B79C2813}.Release|Any CPU.ActiveCfg = Release|Any CPU
		{A722A01A-84E7-4F6A-A0FF-8A82B79C2813}.Release|Any CPU.Build.0 = Release|Any CPU
		{4E56ED9C-9711-4237-8F99-225B0A3D279F}.Debug|Any CPU.ActiveCfg = Debug|Any CPU
		{4E56ED9C-9711-4237-8F99-225B0A3D279F}.Debug|Any CPU.Build.0 = Debug|Any CPU
		{4E56ED9C-9711-4237-8F99-225B0A3D279F}.Release|Any CPU.ActiveCfg = Release|Any CPU
		{4E56ED9C-9711-4237-8F99-225B0A3D279F}.Release|Any CPU.Build.0 = Release|Any CPU
		{7280721E-4E5E-4E8E-8984-09CF0E2EFAD2}.Debug|Any CPU.ActiveCfg = Debug|Any CPU
		{7280721E-4E5E-4E8E-8984-09CF0E2EFAD2}.Debug|Any CPU.Build.0 = Debug|Any CPU
		{7280721E-4E5E-4E8E-8984-09CF0E2EFAD2}.Release|Any CPU.ActiveCfg = Release|Any CPU
		{7280721E-4E5E-4E8E-8984-09CF0E2EFAD2}.Release|Any CPU.Build.0 = Release|Any CPU
	EndGlobalSection
	GlobalSection(SolutionProperties) = preSolution
		HideSolutionNode = FALSE
	EndGlobalSection
	GlobalSection(NestedProjects) = preSolution
		{0E66C778-F180-4B2A-AF19-0A5D08FA8205} = {BBF91497-3F41-4363-AA61-B32908219BB1}
		{B5DFD608-F664-4DF9-8950-5AEC66C5A182} = {BBF91497-3F41-4363-AA61-B32908219BB1}
		{F5CE5E42-715D-45C0-A283-D23E49FC2031} = {D8CFCFCE-B887-4F1A-AA7D-C0FF7A01E6AA}
		{0D403385-8C2C-4CB8-9895-A4F388B03538} = {46A7B1EB-5310-4A99-A8F9-C571FD6538CD}
		{9F4A2118-9396-4D18-8D68-21E93171E68D} = {B5DFD608-F664-4DF9-8950-5AEC66C5A182}
		{7E26231F-9761-4361-95EA-50146D99EE48} = {D8CFCFCE-B887-4F1A-AA7D-C0FF7A01E6AA}
		{FC49D70C-E418-4379-BD97-CC597EC79214} = {F5CE5E42-715D-45C0-A283-D23E49FC2031}
		{40C3B3E6-5666-4C47-8414-5FB9A047E10A} = {F5CE5E42-715D-45C0-A283-D23E49FC2031}
		{CE1912CA-3B96-47D0-B47C-D5698FBBA6A3} = {D8CFCFCE-B887-4F1A-AA7D-C0FF7A01E6AA}
		{9209CAA9-0214-48AE-811D-139D04E008FB} = {D8CFCFCE-B887-4F1A-AA7D-C0FF7A01E6AA}
		{27F15CB3-DC91-4A58-A980-3636E099208E} = {B5DFD608-F664-4DF9-8950-5AEC66C5A182}
		{91AD30D6-00AD-4197-A79D-14696525B4EB} = {46A7B1EB-5310-4A99-A8F9-C571FD6538CD}
		{FE39BE0D-D177-4A59-8653-8B452448D77E} = {46A7B1EB-5310-4A99-A8F9-C571FD6538CD}
		{16AD4769-2440-43DC-A94A-8D39308FA516} = {46A7B1EB-5310-4A99-A8F9-C571FD6538CD}
		{CD796D87-2ABA-4E86-9AAA-D74A14A9A5A1} = {0D403385-8C2C-4CB8-9895-A4F388B03538}
		{7F07E6D9-56D1-4696-A328-DA8FA15A9472} = {0D403385-8C2C-4CB8-9895-A4F388B03538}
		{A722A01A-84E7-4F6A-A0FF-8A82B79C2813} = {B5DFD608-F664-4DF9-8950-5AEC66C5A182}
		{4E56ED9C-9711-4237-8F99-225B0A3D279F} = {21F06023-F0D4-4A58-BA9D-591D19C2E815}
		{8779CB4E-815B-4063-BFF5-4B6AA98C1B0F} = {0E66C778-F180-4B2A-AF19-0A5D08FA8205}
		{F2898793-FBA6-4E8F-AA00-1BAE26658476} = {0E66C778-F180-4B2A-AF19-0A5D08FA8205}
		{7280721E-4E5E-4E8E-8984-09CF0E2EFAD2} = {8779CB4E-815B-4063-BFF5-4B6AA98C1B0F}
	EndGlobalSection
	GlobalSection(ExtensibilityGlobals) = postSolution
		SolutionGuid = {EF1087EC-1750-400A-AE36-A281874CFCCC}
	EndGlobalSection
EndGlobal
